
Microsoft Visual Studio Solution File, Format Version 12.00
# Visual Studio Version 16
VisualStudioVersion = 16.0.31829.152
MinimumVisualStudioVersion = 10.0.40219.1
Project("{8BC9CEB8-8B4A-11D0-8D11-00A0C91BC942}") = "RATEX-TZ-Client", "RATEX-TZ-Client.vcxproj", "{5E55E52C-9AE2-445A-9E1E-6AE6AF6D2663}"
EndProject
Global
	GlobalSection(SolutionConfigurationPlatforms) = preSolution
		Debug|x64 = Debug|x64
		Debug|x86 = Debug|x86
		Release|x64 = Release|x64
		Release|x86 = Release|x86
	EndGlobalSection
	GlobalSection(ProjectConfigurationPlatforms) = postSolution
		{5E55E52C-9AE2-445A-9E1E-6AE6AF6D2663}.Debug|x64.ActiveCfg = Debug|x64
		{5E55E52C-9AE2-445A-9E1E-6AE6AF6D2663}.Debug|x64.Build.0 = Debug|x64
		{5E55E52C-9AE2-445A-9E1E-6AE6AF6D2663}.Debug|x86.ActiveCfg = Debug|Win32
		{5E55E52C-9AE2-445A-9E1E-6AE6AF6D2663}.Debug|x86.Build.0 = Debug|Win32
		{5E55E52C-9AE2-445A-9E1E-6AE6AF6D2663}.Release|x64.ActiveCfg = Release|x64
		{5E55E52C-9AE2-445A-9E1E-6AE6AF6D2663}.Release|x64.Build.0 = Release|x64
		{5E55E52C-9AE2-445A-9E1E-6AE6AF6D2663}.Release|x86.ActiveCfg = Release|Win32
		{5E55E52C-9AE2-445A-9E1E-6AE6AF6D2663}.Release|x86.Build.0 = Release|Win32
	EndGlobalSection
	GlobalSection(SolutionProperties) = preSolution
		HideSolutionNode = FALSE
	EndGlobalSection
	GlobalSection(ExtensibilityGlobals) = postSolution
		SolutionGuid = {E69EFEE1-E4C6-4D16-809D-A9DE9D753BF4}
	EndGlobalSection
EndGlobal
